
Microsoft Visual Studio Solution File, Format Version 12.00
Project("{FAE04EC0-301F-11D3-BF4B-00C04F79EFBC}") = "Capitalize", "Capitalize\Capitalize.csproj", "{5F255B12-50DD-4531-836B-EF1670D08349}"
EndProject
Project("{FAE04EC0-301F-11D3-BF4B-00C04F79EFBC}") = "Product", "Product\Product.csproj", "{10B341F2-8CFB-48E8-B817-9C6AA9E08A28}"
EndProject
Project("{FAE04EC0-301F-11D3-BF4B-00C04F79EFBC}") = "Mass", "Mass\Mass.csproj", "{10876D2E-11B5-41D2-BA17-9FDE5DC54730}"
EndProject
Project("{FAE04EC0-301F-11D3-BF4B-00C04F79EFBC}") = "Fajlkezeles", "Fajlkezeles\Fajlkezeles.csproj", "{B192C203-7A17-4179-A7B4-89E85CC50158}"
EndProject
Project("{FAE04EC0-301F-11D3-BF4B-00C04F79EFBC}") = "AoE1day", "AoE1day\AoE1day.csproj", "{7D4CFD5A-789E-4BBF-A4AD-4E38F3EC6540}"
EndProject
Project("{FAE04EC0-301F-11D3-BF4B-00C04F79EFBC}") = "AoE2day", "AoE2day\AoE2day.csproj", "{28B2F3CA-E31F-4342-8F34-0F24B7FD59D2}"
EndProject
Project("{FAE04EC0-301F-11D3-BF4B-00C04F79EFBC}") = "AoE3day", "AoE3day\AoE3day.csproj", "{6C1BA8FD-CED6-4851-88C1-F2FD4489C7D3}"
EndProject
Project("{FAE04EC0-301F-11D3-BF4B-00C04F79EFBC}") = "AoE4day", "AoE4day\AoE4day.csproj", "{696CD263-26E3-44A0-8B21-2CEBAA68C3FC}"
EndProject
Project("{FAE04EC0-301F-11D3-BF4B-00C04F79EFBC}") = "AoE5day", "AoE5day\AoE5day.csproj", "{5CAA5EEB-62E1-45F7-A360-0302029806CA}"
EndProject
Global
	GlobalSection(SolutionConfigurationPlatforms) = preSolution
		Debug|Any CPU = Debug|Any CPU
		Release|Any CPU = Release|Any CPU
	EndGlobalSection
	GlobalSection(ProjectConfigurationPlatforms) = postSolution
		{5F255B12-50DD-4531-836B-EF1670D08349}.Debug|Any CPU.ActiveCfg = Debug|Any CPU
		{5F255B12-50DD-4531-836B-EF1670D08349}.Debug|Any CPU.Build.0 = Debug|Any CPU
		{5F255B12-50DD-4531-836B-EF1670D08349}.Release|Any CPU.ActiveCfg = Release|Any CPU
		{5F255B12-50DD-4531-836B-EF1670D08349}.Release|Any CPU.Build.0 = Release|Any CPU
		{10B341F2-8CFB-48E8-B817-9C6AA9E08A28}.Debug|Any CPU.ActiveCfg = Debug|Any CPU
		{10B341F2-8CFB-48E8-B817-9C6AA9E08A28}.Debug|Any CPU.Build.0 = Debug|Any CPU
		{10B341F2-8CFB-48E8-B817-9C6AA9E08A28}.Release|Any CPU.ActiveCfg = Release|Any CPU
		{10B341F2-8CFB-48E8-B817-9C6AA9E08A28}.Release|Any CPU.Build.0 = Release|Any CPU
		{10876D2E-11B5-41D2-BA17-9FDE5DC54730}.Debug|Any CPU.ActiveCfg = Debug|Any CPU
		{10876D2E-11B5-41D2-BA17-9FDE5DC54730}.Debug|Any CPU.Build.0 = Debug|Any CPU
		{10876D2E-11B5-41D2-BA17-9FDE5DC54730}.Release|Any CPU.ActiveCfg = Release|Any CPU
		{10876D2E-11B5-41D2-BA17-9FDE5DC54730}.Release|Any CPU.Build.0 = Release|Any CPU
		{B192C203-7A17-4179-A7B4-89E85CC50158}.Debug|Any CPU.ActiveCfg = Debug|Any CPU
		{B192C203-7A17-4179-A7B4-89E85CC50158}.Debug|Any CPU.Build.0 = Debug|Any CPU
		{B192C203-7A17-4179-A7B4-89E85CC50158}.Release|Any CPU.ActiveCfg = Release|Any CPU
		{B192C203-7A17-4179-A7B4-89E85CC50158}.Release|Any CPU.Build.0 = Release|Any CPU
		{7D4CFD5A-789E-4BBF-A4AD-4E38F3EC6540}.Debug|Any CPU.ActiveCfg = Debug|Any CPU
		{7D4CFD5A-789E-4BBF-A4AD-4E38F3EC6540}.Debug|Any CPU.Build.0 = Debug|Any CPU
		{7D4CFD5A-789E-4BBF-A4AD-4E38F3EC6540}.Release|Any CPU.ActiveCfg = Release|Any CPU
		{7D4CFD5A-789E-4BBF-A4AD-4E38F3EC6540}.Release|Any CPU.Build.0 = Release|Any CPU
		{28B2F3CA-E31F-4342-8F34-0F24B7FD59D2}.Debug|Any CPU.ActiveCfg = Debug|Any CPU
		{28B2F3CA-E31F-4342-8F34-0F24B7FD59D2}.Debug|Any CPU.Build.0 = Debug|Any CPU
		{28B2F3CA-E31F-4342-8F34-0F24B7FD59D2}.Release|Any CPU.ActiveCfg = Release|Any CPU
		{28B2F3CA-E31F-4342-8F34-0F24B7FD59D2}.Release|Any CPU.Build.0 = Release|Any CPU
		{6C1BA8FD-CED6-4851-88C1-F2FD4489C7D3}.Debug|Any CPU.ActiveCfg = Debug|Any CPU
		{6C1BA8FD-CED6-4851-88C1-F2FD4489C7D3}.Debug|Any CPU.Build.0 = Debug|Any CPU
		{6C1BA8FD-CED6-4851-88C1-F2FD4489C7D3}.Release|Any CPU.ActiveCfg = Release|Any CPU
		{6C1BA8FD-CED6-4851-88C1-F2FD4489C7D3}.Release|Any CPU.Build.0 = Release|Any CPU
		{696CD263-26E3-44A0-8B21-2CEBAA68C3FC}.Debug|Any CPU.ActiveCfg = Debug|Any CPU
		{696CD263-26E3-44A0-8B21-2CEBAA68C3FC}.Debug|Any CPU.Build.0 = Debug|Any CPU
		{696CD263-26E3-44A0-8B21-2CEBAA68C3FC}.Release|Any CPU.ActiveCfg = Release|Any CPU
		{696CD263-26E3-44A0-8B21-2CEBAA68C3FC}.Release|Any CPU.Build.0 = Release|Any CPU
		{5CAA5EEB-62E1-45F7-A360-0302029806CA}.Debug|Any CPU.ActiveCfg = Debug|Any CPU
		{5CAA5EEB-62E1-45F7-A360-0302029806CA}.Debug|Any CPU.Build.0 = Debug|Any CPU
		{5CAA5EEB-62E1-45F7-A360-0302029806CA}.Release|Any CPU.ActiveCfg = Release|Any CPU
		{5CAA5EEB-62E1-45F7-A360-0302029806CA}.Release|Any CPU.Build.0 = Release|Any CPU
	EndGlobalSection
EndGlobal
