
Microsoft Visual Studio Solution File, Format Version 12.00
Project("{FAE04EC0-301F-11D3-BF4B-00C04F79EFBC}") = "F20190901a", "F20190901a\F20190901a.csproj", "{84E2D8F4-1C36-417A-9E38-5587267D2E69}"
EndProject
Global
	GlobalSection(SolutionConfigurationPlatforms) = preSolution
		Debug|Any CPU = Debug|Any CPU
		Release|Any CPU = Release|Any CPU
	EndGlobalSection
	GlobalSection(ProjectConfigurationPlatforms) = postSolution
		{84E2D8F4-1C36-417A-9E38-5587267D2E69}.Debug|Any CPU.ActiveCfg = Debug|Any CPU
		{84E2D8F4-1C36-417A-9E38-5587267D2E69}.Debug|Any CPU.Build.0 = Debug|Any CPU
		{84E2D8F4-1C36-417A-9E38-5587267D2E69}.Release|Any CPU.ActiveCfg = Release|Any CPU
		{84E2D8F4-1C36-417A-9E38-5587267D2E69}.Release|Any CPU.Build.0 = Release|Any CPU
	EndGlobalSection
EndGlobal
