
Microsoft Visual Studio Solution File, Format Version 12.00
Project("{FAE04EC0-301F-11D3-BF4B-00C04F79EFBC}") = "F20201130a", "F20201130a\F20201130a.csproj", "{F3E623A9-C015-4E2D-977E-6EE700EE404D}"
EndProject
Global
	GlobalSection(SolutionConfigurationPlatforms) = preSolution
		Debug|Any CPU = Debug|Any CPU
		Release|Any CPU = Release|Any CPU
	EndGlobalSection
	GlobalSection(ProjectConfigurationPlatforms) = postSolution
		{F3E623A9-C015-4E2D-977E-6EE700EE404D}.Debug|Any CPU.ActiveCfg = Debug|Any CPU
		{F3E623A9-C015-4E2D-977E-6EE700EE404D}.Debug|Any CPU.Build.0 = Debug|Any CPU
		{F3E623A9-C015-4E2D-977E-6EE700EE404D}.Release|Any CPU.ActiveCfg = Release|Any CPU
		{F3E623A9-C015-4E2D-977E-6EE700EE404D}.Release|Any CPU.Build.0 = Release|Any CPU
	EndGlobalSection
EndGlobal
